{
  "name": "dailyAttendence",
  "lockfileVersion": 3,
  "requires": true,
  "packages": {
    "": {
      "dependencies": {
        "@vant/weapp": "^1.11.6",
        "weui-miniprogram": "^1.4.1"
      }
    },
    "node_modules/@vant/weapp": {
      "version": "1.11.6",
      "resolved": "https://mirrors.huaweicloud.com/repository/npm/@vant/weapp/-/weapp-1.11.6.tgz",
      "integrity": "sha512-a3heReWYT2gNdsyj6x1hBwsM8V8NrjcPAmle86NH2CD2V/i/h0le75piW6KntSfOPCwekVWMBKhysNrBpJeKdw==",
      "license": "MIT"
    },
    "node_modules/weui-miniprogram": {
      "version": "1.4.1",
      "resolved": "https://mirrors.huaweicloud.com/repository/npm/weui-miniprogram/-/weui-miniprogram-1.4.1.tgz",
      "integrity": "sha512-4Xx5xER7MFs43AHqt7LJRi7CmNEDSLudfGDLJcpbL2TO0oLps5e+CNstWdN3K64/iQYqlMX6AxehDIjzmmuPsQ==",
      "license": "MIT"
    }
  }
}
